{
  "originHash" : "bb397bcd3bb68956ee15d30a02f41b33e5efa0ba16980ff987fdefdcd2ecb496",
  "pins" : [
    {
      "identity" : "declarativecore",
      "kind" : "remoteSourceControl",
      "location" : "https://github.com/ryanslikesocool/DeclarativeCore.git",
      "state" : {
        "revision" : "c94969f908deb5d6d6ff4732c1c44fffd2081cc8",
        "version" : "0.0.3"
      }
    }
  ],
  "version" : 3
}
